
Microsoft Visual Studio Solution File, Format Version 12.00
# Visual Studio Version 17
VisualStudioVersion = 17.11.35222.181
MinimumVisualStudioVersion = 10.0.40219.1
Project("{8BC9CEB8-8B4A-11D0-8D11-00A0C91BC942}") = "work7_4", "work7_4.vcxproj", "{F426EE1B-0439-4327-BE90-336AA3C96677}"
EndProject
Project("{8BC9CEB8-8B4A-11D0-8D11-00A0C91BC942}") = "cube_unittest", "cube_unittest\cube_unittest.vcxproj", "{EE7182F9-447A-4BF6-B643-FFD1950B7685}"
EndProject
Global
	GlobalSection(SolutionConfigurationPlatforms) = preSolution
		Debug|x64 = Debug|x64
		Debug|x86 = Debug|x86
		Release|x64 = Release|x64
		Release|x86 = Release|x86
	EndGlobalSection
	GlobalSection(ProjectConfigurationPlatforms) = postSolution
		{F426EE1B-0439-4327-BE90-336AA3C96677}.Debug|x64.ActiveCfg = Debug|x64
		{F426EE1B-0439-4327-BE90-336AA3C96677}.Debug|x64.Build.0 = Debug|x64
		{F426EE1B-0439-4327-BE90-336AA3C96677}.Debug|x86.ActiveCfg = Debug|Win32
		{F426EE1B-0439-4327-BE90-336AA3C96677}.Debug|x86.Build.0 = Debug|Win32
		{F426EE1B-0439-4327-BE90-336AA3C96677}.Release|x64.ActiveCfg = Release|x64
		{F426EE1B-0439-4327-BE90-336AA3C96677}.Release|x64.Build.0 = Release|x64
		{F426EE1B-0439-4327-BE90-336AA3C96677}.Release|x86.ActiveCfg = Release|Win32
		{F426EE1B-0439-4327-BE90-336AA3C96677}.Release|x86.Build.0 = Release|Win32
		{EE7182F9-447A-4BF6-B643-FFD1950B7685}.Debug|x64.ActiveCfg = Debug|x64
		{EE7182F9-447A-4BF6-B643-FFD1950B7685}.Debug|x64.Build.0 = Debug|x64
		{EE7182F9-447A-4BF6-B643-FFD1950B7685}.Debug|x86.ActiveCfg = Debug|Win32
		{EE7182F9-447A-4BF6-B643-FFD1950B7685}.Debug|x86.Build.0 = Debug|Win32
		{EE7182F9-447A-4BF6-B643-FFD1950B7685}.Release|x64.ActiveCfg = Release|x64
		{EE7182F9-447A-4BF6-B643-FFD1950B7685}.Release|x64.Build.0 = Release|x64
		{EE7182F9-447A-4BF6-B643-FFD1950B7685}.Release|x86.ActiveCfg = Release|Win32
		{EE7182F9-447A-4BF6-B643-FFD1950B7685}.Release|x86.Build.0 = Release|Win32
	EndGlobalSection
	GlobalSection(SolutionProperties) = preSolution
		HideSolutionNode = FALSE
	EndGlobalSection
	GlobalSection(ExtensibilityGlobals) = postSolution
		SolutionGuid = {F8808C86-F75D-40A4-AB78-464431487732}
	EndGlobalSection
EndGlobal
